// !$*UTF8*$!
{
	archiveVersion = 1;
	classes = {
	};
	objectVersion = 46;
	objects = {

/* Begin PBXBuildFile section */
		2D190AE43B0AADC1134D798B /* Pods_Vaccine_Diary.framework in Frameworks */ = {isa = PBXBuildFile; fileRef = 20E25B883AF3B3103ED6EE71 /* Pods_Vaccine_Diary.framework */; };
		5F0186431F6C800800462319 /* DetailTableViewController.swift in Sources */ = {isa = PBXBuildFile; fileRef = 5F0186421F6C800800462319 /* DetailTableViewController.swift */; };
		5F34AB1C1F7D1EBA00986027 /* Colors.swift in Sources */ = {isa = PBXBuildFile; fileRef = 5F34AB1B1F7D1EBA00986027 /* Colors.swift */; };
		5F3707751F995D1F00085649 /* LogOutTableViewCell.swift in Sources */ = {isa = PBXBuildFile; fileRef = 5F3707741F995D1F00085649 /* LogOutTableViewCell.swift */; };
		5F45E3751FF925A700F9AA9F /* RegisterViewController.swift in Sources */ = {isa = PBXBuildFile; fileRef = 5F45E3741FF925A700F9AA9F /* RegisterViewController.swift */; };
		5F45E3781FF941E800F9AA9F /* ErrorMessages.swift in Sources */ = {isa = PBXBuildFile; fileRef = 5F45E3771FF941E800F9AA9F /* ErrorMessages.swift */; };
		5F4F9FB61FCB0CE900F408E9 /* VaccineDetailTableViewController.swift in Sources */ = {isa = PBXBuildFile; fileRef = 5F4F9FB51FCB0CE900F408E9 /* VaccineDetailTableViewController.swift */; };
		5F4F9FB81FCB121F00F408E9 /* VaccineDateCollectionViewCell.swift in Sources */ = {isa = PBXBuildFile; fileRef = 5F4F9FB71FCB121F00F408E9 /* VaccineDateCollectionViewCell.swift */; };
		5F5E8EA01F632D23002426A4 /* Result.swift in Sources */ = {isa = PBXBuildFile; fileRef = 5F5E8E9F1F632D23002426A4 /* Result.swift */; };
		5F5E8EA21F632D2D002426A4 /* PlacesObject.swift in Sources */ = {isa = PBXBuildFile; fileRef = 5F5E8EA11F632D2D002426A4 /* PlacesObject.swift */; };
		5F5E8EA41F632D3A002426A4 /* Geometry.swift in Sources */ = {isa = PBXBuildFile; fileRef = 5F5E8EA31F632D3A002426A4 /* Geometry.swift */; };
		5F5E8EA61F632D44002426A4 /* Location.swift in Sources */ = {isa = PBXBuildFile; fileRef = 5F5E8EA51F632D44002426A4 /* Location.swift */; };
		5F5E8EA81F632D55002426A4 /* Viewport.swift in Sources */ = {isa = PBXBuildFile; fileRef = 5F5E8EA71F632D55002426A4 /* Viewport.swift */; };
		5F5E8EAA1F632D63002426A4 /* OpeningHours.swift in Sources */ = {isa = PBXBuildFile; fileRef = 5F5E8EA91F632D63002426A4 /* OpeningHours.swift */; };
		5F5E8EAC1F632D6E002426A4 /* Photo.swift in Sources */ = {isa = PBXBuildFile; fileRef = 5F5E8EAB1F632D6E002426A4 /* Photo.swift */; };
		5F6C3B9E1F93782600F7CDDD /* MoreViewController.swift in Sources */ = {isa = PBXBuildFile; fileRef = 5F6C3B9D1F93782600F7CDDD /* MoreViewController.swift */; };
		5F6C3BA01F93826500F7CDDD /* CreditsViewController.swift in Sources */ = {isa = PBXBuildFile; fileRef = 5F6C3B9F1F93826500F7CDDD /* CreditsViewController.swift */; };
		5F6C3BA21F938A4C00F7CDDD /* ContactViewController.swift in Sources */ = {isa = PBXBuildFile; fileRef = 5F6C3BA11F938A4C00F7CDDD /* ContactViewController.swift */; };
		5F7AF0301F9121B100811458 /* PasswordResetViewController.swift in Sources */ = {isa = PBXBuildFile; fileRef = 5F7AF02F1F9121B100811458 /* PasswordResetViewController.swift */; };
		5FB828B81FF8D54F0004C777 /* InitialViewController.swift in Sources */ = {isa = PBXBuildFile; fileRef = 5FB828B71FF8D54F0004C777 /* InitialViewController.swift */; };
		5FB828BB1FF8E78F0004C777 /* InitialCollectionViewCell.swift in Sources */ = {isa = PBXBuildFile; fileRef = 5FB828BA1FF8E78F0004C777 /* InitialCollectionViewCell.swift */; };
		5FB828BD1FF8E88F0004C777 /* InitialView.swift in Sources */ = {isa = PBXBuildFile; fileRef = 5FB828BC1FF8E88F0004C777 /* InitialView.swift */; };
		BA1752F31ED821CA005131F3 /* NetworkConnection.swift in Sources */ = {isa = PBXBuildFile; fileRef = BA1752F21ED821CA005131F3 /* NetworkConnection.swift */; };
		BA1C2BF61EBF5F690000C1B7 /* VaccinationList.swift in Sources */ = {isa = PBXBuildFile; fileRef = BA1C2BF51EBF5F690000C1B7 /* VaccinationList.swift */; };
		BA1C2BF81EC0A7E40000C1B7 /* UserDetailsViewController.swift in Sources */ = {isa = PBXBuildFile; fileRef = BA1C2BF71EC0A7E40000C1B7 /* UserDetailsViewController.swift */; };
		BA1C2BFA1EC0D2E40000C1B7 /* ScheduleViewController.swift in Sources */ = {isa = PBXBuildFile; fileRef = BA1C2BF91EC0D2E40000C1B7 /* ScheduleViewController.swift */; };
		BA1CB7331EC35F7B00AF24E1 /* UserProfileViewController.swift in Sources */ = {isa = PBXBuildFile; fileRef = BA1CB7321EC35F7B00AF24E1 /* UserProfileViewController.swift */; };
		BA1CB7351EC3677800AF24E1 /* GooglePlaces.swift in Sources */ = {isa = PBXBuildFile; fileRef = BA1CB7341EC3677800AF24E1 /* GooglePlaces.swift */; };
		BA1CB7371EC429CB00AF24E1 /* GoogleService-Info.plist in Resources */ = {isa = PBXBuildFile; fileRef = BA1CB7361EC429CB00AF24E1 /* GoogleService-Info.plist */; };
		BA2011F01ED0B217003B8233 /* FirebaseMethods.swift in Sources */ = {isa = PBXBuildFile; fileRef = BA2011EF1ED0B217003B8233 /* FirebaseMethods.swift */; };
		BA2C49401EBE7D9500F3D614 /* SignUpViewController.swift in Sources */ = {isa = PBXBuildFile; fileRef = BA2C493F1EBE7D9500F3D614 /* SignUpViewController.swift */; };
		BA2C49421EBE7FF500F3D614 /* Extensions.swift in Sources */ = {isa = PBXBuildFile; fileRef = BA2C49411EBE7FF500F3D614 /* Extensions.swift */; };
		BA306E7B1EC17B8800DE1B6A /* Vaccine.swift in Sources */ = {isa = PBXBuildFile; fileRef = BA306E7A1EC17B8800DE1B6A /* Vaccine.swift */; };
		BA306E7F1EC2021900DE1B6A /* UserDetails.swift in Sources */ = {isa = PBXBuildFile; fileRef = BA306E7E1EC2021900DE1B6A /* UserDetails.swift */; };
		BA306E811EC20D0600DE1B6A /* VaccineCollectionViewCell.swift in Sources */ = {isa = PBXBuildFile; fileRef = BA306E801EC20D0600DE1B6A /* VaccineCollectionViewCell.swift */; };
		BA306E831EC239B000DE1B6A /* GooglePlacesConstants.swift in Sources */ = {isa = PBXBuildFile; fileRef = BA306E821EC239B000DE1B6A /* GooglePlacesConstants.swift */; };
		BA306E851EC23B1900DE1B6A /* NearbyHospitalsViewController.swift in Sources */ = {isa = PBXBuildFile; fileRef = BA306E841EC23B1900DE1B6A /* NearbyHospitalsViewController.swift */; };
		BA306E871EC23B2900DE1B6A /* NearbyPharmacyViewController.swift in Sources */ = {isa = PBXBuildFile; fileRef = BA306E861EC23B2900DE1B6A /* NearbyPharmacyViewController.swift */; };
		BA306E891EC23B5B00DE1B6A /* MapKit.framework in Frameworks */ = {isa = PBXBuildFile; fileRef = BA306E881EC23B5B00DE1B6A /* MapKit.framework */; };
		BA306E8B1EC23B6200DE1B6A /* CoreLocation.framework in Frameworks */ = {isa = PBXBuildFile; fileRef = BA306E8A1EC23B6200DE1B6A /* CoreLocation.framework */; };
		BA54D0D41EC7995500AA3385 /* UserNotifications.framework in Frameworks */ = {isa = PBXBuildFile; fileRef = BA54D0D31EC7995400AA3385 /* UserNotifications.framework */; };
		BA7698B81EC8F28E00B16B72 /* TextField.swift in Sources */ = {isa = PBXBuildFile; fileRef = BA7698B71EC8F28E00B16B72 /* TextField.swift */; };
		BAE930F41EBCF03000F77191 /* AppDelegate.swift in Sources */ = {isa = PBXBuildFile; fileRef = BAE930F31EBCF03000F77191 /* AppDelegate.swift */; };
		BAE930FB1EBCF03000F77191 /* Main.storyboard in Resources */ = {isa = PBXBuildFile; fileRef = BAE930F91EBCF03000F77191 /* Main.storyboard */; };
		BAE930FD1EBCF03000F77191 /* Assets.xcassets in Resources */ = {isa = PBXBuildFile; fileRef = BAE930FC1EBCF03000F77191 /* Assets.xcassets */; };
		BAE931001EBCF03000F77191 /* LaunchScreen.storyboard in Resources */ = {isa = PBXBuildFile; fileRef = BAE930FE1EBCF03000F77191 /* LaunchScreen.storyboard */; };
		BAE9310A1EBCF4AC00F77191 /* LoginViewController.swift in Sources */ = {isa = PBXBuildFile; fileRef = BAE931091EBCF4AC00F77191 /* LoginViewController.swift */; };
/* End PBXBuildFile section */

/* Begin PBXFileReference section */
		20E25B883AF3B3103ED6EE71 /* Pods_Vaccine_Diary.framework */ = {isa = PBXFileReference; explicitFileType = wrapper.framework; includeInIndex = 0; path = Pods_Vaccine_Diary.framework; sourceTree = BUILT_PRODUCTS_DIR; };
		5F0186421F6C800800462319 /* DetailTableViewController.swift */ = {isa = PBXFileReference; fileEncoding = 4; lastKnownFileType = sourcecode.swift; path = DetailTableViewController.swift; sourceTree = "<group>"; };
		5F34AB1B1F7D1EBA00986027 /* Colors.swift */ = {isa = PBXFileReference; lastKnownFileType = sourcecode.swift; path = Colors.swift; sourceTree = "<group>"; };
		5F3707741F995D1F00085649 /* LogOutTableViewCell.swift */ = {isa = PBXFileReference; lastKnownFileType = sourcecode.swift; path = LogOutTableViewCell.swift; sourceTree = "<group>"; };
		5F45E3741FF925A700F9AA9F /* RegisterViewController.swift */ = {isa = PBXFileReference; lastKnownFileType = sourcecode.swift; path = RegisterViewController.swift; sourceTree = "<group>"; };
		5F45E3771FF941E800F9AA9F /* ErrorMessages.swift */ = {isa = PBXFileReference; lastKnownFileType = sourcecode.swift; path = ErrorMessages.swift; sourceTree = "<group>"; };
		5F4F9FB51FCB0CE900F408E9 /* VaccineDetailTableViewController.swift */ = {isa = PBXFileReference; lastKnownFileType = sourcecode.swift; path = VaccineDetailTableViewController.swift; sourceTree = "<group>"; };
		5F4F9FB71FCB121F00F408E9 /* VaccineDateCollectionViewCell.swift */ = {isa = PBXFileReference; lastKnownFileType = sourcecode.swift; path = VaccineDateCollectionViewCell.swift; sourceTree = "<group>"; };
		5F5E8E9F1F632D23002426A4 /* Result.swift */ = {isa = PBXFileReference; fileEncoding = 4; lastKnownFileType = sourcecode.swift; path = Result.swift; sourceTree = "<group>"; };
		5F5E8EA11F632D2D002426A4 /* PlacesObject.swift */ = {isa = PBXFileReference; fileEncoding = 4; lastKnownFileType = sourcecode.swift; path = PlacesObject.swift; sourceTree = "<group>"; };
		5F5E8EA31F632D3A002426A4 /* Geometry.swift */ = {isa = PBXFileReference; fileEncoding = 4; lastKnownFileType = sourcecode.swift; path = Geometry.swift; sourceTree = "<group>"; };
		5F5E8EA51F632D44002426A4 /* Location.swift */ = {isa = PBXFileReference; fileEncoding = 4; lastKnownFileType = sourcecode.swift; path = Location.swift; sourceTree = "<group>"; };
		5F5E8EA71F632D55002426A4 /* Viewport.swift */ = {isa = PBXFileReference; fileEncoding = 4; lastKnownFileType = sourcecode.swift; path = Viewport.swift; sourceTree = "<group>"; };
		5F5E8EA91F632D63002426A4 /* OpeningHours.swift */ = {isa = PBXFileReference; fileEncoding = 4; lastKnownFileType = sourcecode.swift; path = OpeningHours.swift; sourceTree = "<group>"; };
		5F5E8EAB1F632D6E002426A4 /* Photo.swift */ = {isa = PBXFileReference; fileEncoding = 4; lastKnownFileType = sourcecode.swift; path = Photo.swift; sourceTree = "<group>"; };
		5F6C3B9D1F93782600F7CDDD /* MoreViewController.swift */ = {isa = PBXFileReference; lastKnownFileType = sourcecode.swift; path = MoreViewController.swift; sourceTree = "<group>"; };
		5F6C3B9F1F93826500F7CDDD /* CreditsViewController.swift */ = {isa = PBXFileReference; lastKnownFileType = sourcecode.swift; path = CreditsViewController.swift; sourceTree = "<group>"; };
		5F6C3BA11F938A4C00F7CDDD /* ContactViewController.swift */ = {isa = PBXFileReference; lastKnownFileType = sourcecode.swift; path = ContactViewController.swift; sourceTree = "<group>"; };
		5F7AF02F1F9121B100811458 /* PasswordResetViewController.swift */ = {isa = PBXFileReference; lastKnownFileType = sourcecode.swift; path = PasswordResetViewController.swift; sourceTree = "<group>"; };
		5FB828B71FF8D54F0004C777 /* InitialViewController.swift */ = {isa = PBXFileReference; lastKnownFileType = sourcecode.swift; path = InitialViewController.swift; sourceTree = "<group>"; };
		5FB828BA1FF8E78F0004C777 /* InitialCollectionViewCell.swift */ = {isa = PBXFileReference; lastKnownFileType = sourcecode.swift; path = InitialCollectionViewCell.swift; sourceTree = "<group>"; };
		5FB828BC1FF8E88F0004C777 /* InitialView.swift */ = {isa = PBXFileReference; lastKnownFileType = sourcecode.swift; path = InitialView.swift; sourceTree = "<group>"; };
		BA1752F21ED821CA005131F3 /* NetworkConnection.swift */ = {isa = PBXFileReference; fileEncoding = 4; lastKnownFileType = sourcecode.swift; path = NetworkConnection.swift; sourceTree = "<group>"; };
		BA1C2BF51EBF5F690000C1B7 /* VaccinationList.swift */ = {isa = PBXFileReference; fileEncoding = 4; lastKnownFileType = sourcecode.swift; path = VaccinationList.swift; sourceTree = "<group>"; };
		BA1C2BF71EC0A7E40000C1B7 /* UserDetailsViewController.swift */ = {isa = PBXFileReference; fileEncoding = 4; lastKnownFileType = sourcecode.swift; path = UserDetailsViewController.swift; sourceTree = "<group>"; };
		BA1C2BF91EC0D2E40000C1B7 /* ScheduleViewController.swift */ = {isa = PBXFileReference; fileEncoding = 4; lastKnownFileType = sourcecode.swift; path = ScheduleViewController.swift; sourceTree = "<group>"; };
		BA1CB7321EC35F7B00AF24E1 /* UserProfileViewController.swift */ = {isa = PBXFileReference; fileEncoding = 4; lastKnownFileType = sourcecode.swift; path = UserProfileViewController.swift; sourceTree = "<group>"; };
		BA1CB7341EC3677800AF24E1 /* GooglePlaces.swift */ = {isa = PBXFileReference; fileEncoding = 4; lastKnownFileType = sourcecode.swift; path = GooglePlaces.swift; sourceTree = "<group>"; };
		BA1CB7361EC429CB00AF24E1 /* GoogleService-Info.plist */ = {isa = PBXFileReference; fileEncoding = 4; lastKnownFileType = text.plist.xml; path = "GoogleService-Info.plist"; sourceTree = "<group>"; };
		BA2011EF1ED0B217003B8233 /* FirebaseMethods.swift */ = {isa = PBXFileReference; fileEncoding = 4; lastKnownFileType = sourcecode.swift; path = FirebaseMethods.swift; sourceTree = "<group>"; };
		BA2C493F1EBE7D9500F3D614 /* SignUpViewController.swift */ = {isa = PBXFileReference; fileEncoding = 4; lastKnownFileType = sourcecode.swift; path = SignUpViewController.swift; sourceTree = "<group>"; };
		BA2C49411EBE7FF500F3D614 /* Extensions.swift */ = {isa = PBXFileReference; fileEncoding = 4; lastKnownFileType = sourcecode.swift; path = Extensions.swift; sourceTree = "<group>"; };
		BA306E7A1EC17B8800DE1B6A /* Vaccine.swift */ = {isa = PBXFileReference; fileEncoding = 4; lastKnownFileType = sourcecode.swift; path = Vaccine.swift; sourceTree = "<group>"; };
		BA306E7E1EC2021900DE1B6A /* UserDetails.swift */ = {isa = PBXFileReference; fileEncoding = 4; lastKnownFileType = sourcecode.swift; path = UserDetails.swift; sourceTree = "<group>"; };
		BA306E801EC20D0600DE1B6A /* VaccineCollectionViewCell.swift */ = {isa = PBXFileReference; fileEncoding = 4; lastKnownFileType = sourcecode.swift; path = VaccineCollectionViewCell.swift; sourceTree = "<group>"; };
		BA306E821EC239B000DE1B6A /* GooglePlacesConstants.swift */ = {isa = PBXFileReference; fileEncoding = 4; lastKnownFileType = sourcecode.swift; path = GooglePlacesConstants.swift; sourceTree = "<group>"; };
		BA306E841EC23B1900DE1B6A /* NearbyHospitalsViewController.swift */ = {isa = PBXFileReference; fileEncoding = 4; lastKnownFileType = sourcecode.swift; path = NearbyHospitalsViewController.swift; sourceTree = "<group>"; };
		BA306E861EC23B2900DE1B6A /* NearbyPharmacyViewController.swift */ = {isa = PBXFileReference; fileEncoding = 4; lastKnownFileType = sourcecode.swift; path = NearbyPharmacyViewController.swift; sourceTree = "<group>"; };
		BA306E881EC23B5B00DE1B6A /* MapKit.framework */ = {isa = PBXFileReference; lastKnownFileType = wrapper.framework; name = MapKit.framework; path = System/Library/Frameworks/MapKit.framework; sourceTree = SDKROOT; };
		BA306E8A1EC23B6200DE1B6A /* CoreLocation.framework */ = {isa = PBXFileReference; lastKnownFileType = wrapper.framework; name = CoreLocation.framework; path = System/Library/Frameworks/CoreLocation.framework; sourceTree = SDKROOT; };
		BA54D0D31EC7995400AA3385 /* UserNotifications.framework */ = {isa = PBXFileReference; lastKnownFileType = wrapper.framework; name = UserNotifications.framework; path = System/Library/Frameworks/UserNotifications.framework; sourceTree = SDKROOT; };
		BA7698B71EC8F28E00B16B72 /* TextField.swift */ = {isa = PBXFileReference; fileEncoding = 4; lastKnownFileType = sourcecode.swift; path = TextField.swift; sourceTree = "<group>"; };
		BAE930F01EBCF02E00F77191 /* Vaccine_Diary.app */ = {isa = PBXFileReference; explicitFileType = wrapper.application; includeInIndex = 0; path = Vaccine_Diary.app; sourceTree = BUILT_PRODUCTS_DIR; };
		BAE930F31EBCF03000F77191 /* AppDelegate.swift */ = {isa = PBXFileReference; lastKnownFileType = sourcecode.swift; path = AppDelegate.swift; sourceTree = "<group>"; };
		BAE930FA1EBCF03000F77191 /* Base */ = {isa = PBXFileReference; lastKnownFileType = file.storyboard; name = Base; path = Base.lproj/Main.storyboard; sourceTree = "<group>"; };
		BAE930FC1EBCF03000F77191 /* Assets.xcassets */ = {isa = PBXFileReference; lastKnownFileType = folder.assetcatalog; path = Assets.xcassets; sourceTree = "<group>"; };
		BAE930FF1EBCF03000F77191 /* Base */ = {isa = PBXFileReference; lastKnownFileType = file.storyboard; name = Base; path = Base.lproj/LaunchScreen.storyboard; sourceTree = "<group>"; };
		BAE931011EBCF03000F77191 /* Info.plist */ = {isa = PBXFileReference; lastKnownFileType = text.plist.xml; path = Info.plist; sourceTree = "<group>"; };
		BAE931091EBCF4AC00F77191 /* LoginViewController.swift */ = {isa = PBXFileReference; fileEncoding = 4; lastKnownFileType = sourcecode.swift; path = LoginViewController.swift; sourceTree = "<group>"; };
		F49D720EEC1F5D14F64F8476 /* Pods-Vaccine_Diary.release.xcconfig */ = {isa = PBXFileReference; includeInIndex = 1; lastKnownFileType = text.xcconfig; name = "Pods-Vaccine_Diary.release.xcconfig"; path = "Pods/Target Support Files/Pods-Vaccine_Diary/Pods-Vaccine_Diary.release.xcconfig"; sourceTree = "<group>"; };
		FADC9D37A8D43E275691D728 /* Pods-Vaccine_Diary.debug.xcconfig */ = {isa = PBXFileReference; includeInIndex = 1; lastKnownFileType = text.xcconfig; name = "Pods-Vaccine_Diary.debug.xcconfig"; path = "Pods/Target Support Files/Pods-Vaccine_Diary/Pods-Vaccine_Diary.debug.xcconfig"; sourceTree = "<group>"; };
/* End PBXFileReference section */

/* Begin PBXFrameworksBuildPhase section */
		BAE930ED1EBCF02E00F77191 /* Frameworks */ = {
			isa = PBXFrameworksBuildPhase;
			buildActionMask = 2147483647;
			files = (
				BA54D0D41EC7995500AA3385 /* UserNotifications.framework in Frameworks */,
				BA306E8B1EC23B6200DE1B6A /* CoreLocation.framework in Frameworks */,
				BA306E891EC23B5B00DE1B6A /* MapKit.framework in Frameworks */,
				2D190AE43B0AADC1134D798B /* Pods_Vaccine_Diary.framework in Frameworks */,
			);
			runOnlyForDeploymentPostprocessing = 0;
		};
/* End PBXFrameworksBuildPhase section */

/* Begin PBXGroup section */
		5F45E3761FF9382F00F9AA9F /* Login */ = {
			isa = PBXGroup;
			children = (
				5F45E3741FF925A700F9AA9F /* RegisterViewController.swift */,
				BAE931091EBCF4AC00F77191 /* LoginViewController.swift */,
				BA2C493F1EBE7D9500F3D614 /* SignUpViewController.swift */,
			);
			path = Login;
			sourceTree = "<group>";
		};
		5F5E8E9C1F632456002426A4 /* GooglePlacesObject */ = {
			isa = PBXGroup;
			children = (
				5F5E8E9F1F632D23002426A4 /* Result.swift */,
				5F5E8EA11F632D2D002426A4 /* PlacesObject.swift */,
				5F5E8EA31F632D3A002426A4 /* Geometry.swift */,
				5F5E8EA71F632D55002426A4 /* Viewport.swift */,
				5F5E8EA51F632D44002426A4 /* Location.swift */,
				5F5E8EA91F632D63002426A4 /* OpeningHours.swift */,
				5F5E8EAB1F632D6E002426A4 /* Photo.swift */,
			);
			name = GooglePlacesObject;
			sourceTree = "<group>";
		};
		5FB828B91FF8E7780004C777 /* InitialViewController */ = {
			isa = PBXGroup;
			children = (
				5FB828B71FF8D54F0004C777 /* InitialViewController.swift */,
				5FB828BA1FF8E78F0004C777 /* InitialCollectionViewCell.swift */,
			);
			name = InitialViewController;
			sourceTree = "<group>";
		};
		B106C1991D35B7E3923B03FD /* Frameworks */ = {
			isa = PBXGroup;
			children = (
				BA54D0D31EC7995400AA3385 /* UserNotifications.framework */,
				BA306E8A1EC23B6200DE1B6A /* CoreLocation.framework */,
				BA306E881EC23B5B00DE1B6A /* MapKit.framework */,
				20E25B883AF3B3103ED6EE71 /* Pods_Vaccine_Diary.framework */,
			);
			name = Frameworks;
			sourceTree = "<group>";
		};
		B69BA861D9569B27168B3351 /* Pods */ = {
			isa = PBXGroup;
			children = (
				FADC9D37A8D43E275691D728 /* Pods-Vaccine_Diary.debug.xcconfig */,
				F49D720EEC1F5D14F64F8476 /* Pods-Vaccine_Diary.release.xcconfig */,
			);
			name = Pods;
			sourceTree = "<group>";
		};
		BA0F687E1EBD223C00DAF7A3 /* Model */ = {
			isa = PBXGroup;
			children = (
				BA1752F21ED821CA005131F3 /* NetworkConnection.swift */,
				BA1C2BF51EBF5F690000C1B7 /* VaccinationList.swift */,
				BA2011EF1ED0B217003B8233 /* FirebaseMethods.swift */,
				BA306E821EC239B000DE1B6A /* GooglePlacesConstants.swift */,
				BA1CB7341EC3677800AF24E1 /* GooglePlaces.swift */,
				BA306E7E1EC2021900DE1B6A /* UserDetails.swift */,
				BA306E7A1EC17B8800DE1B6A /* Vaccine.swift */,
				5FB828BC1FF8E88F0004C777 /* InitialView.swift */,
				5F45E3771FF941E800F9AA9F /* ErrorMessages.swift */,
				5F5E8E9C1F632456002426A4 /* GooglePlacesObject */,
			);
			name = Model;
			sourceTree = "<group>";
		};
		BA0F687F1EBD224300DAF7A3 /* View */ = {
			isa = PBXGroup;
			children = (
				BA306E801EC20D0600DE1B6A /* VaccineCollectionViewCell.swift */,
				5F3707741F995D1F00085649 /* LogOutTableViewCell.swift */,
				5F4F9FB71FCB121F00F408E9 /* VaccineDateCollectionViewCell.swift */,
				BA2C49411EBE7FF500F3D614 /* Extensions.swift */,
				5F34AB1B1F7D1EBA00986027 /* Colors.swift */,
				BA7698B71EC8F28E00B16B72 /* TextField.swift */,
			);
			name = View;
			sourceTree = "<group>";
		};
		BA0F68801EBD224800DAF7A3 /* Controller */ = {
			isa = PBXGroup;
			children = (
				5F0186421F6C800800462319 /* DetailTableViewController.swift */,
				5FB828B91FF8E7780004C777 /* InitialViewController */,
				5F4F9FB51FCB0CE900F408E9 /* VaccineDetailTableViewController.swift */,
				5F6C3B9F1F93826500F7CDDD /* CreditsViewController.swift */,
				5F6C3BA11F938A4C00F7CDDD /* ContactViewController.swift */,
				BA1CB7321EC35F7B00AF24E1 /* UserProfileViewController.swift */,
				5F6C3B9D1F93782600F7CDDD /* MoreViewController.swift */,
				BA306E841EC23B1900DE1B6A /* NearbyHospitalsViewController.swift */,
				BA306E861EC23B2900DE1B6A /* NearbyPharmacyViewController.swift */,
				BA1C2BF71EC0A7E40000C1B7 /* UserDetailsViewController.swift */,
				5F45E3761FF9382F00F9AA9F /* Login */,
				BA1C2BF91EC0D2E40000C1B7 /* ScheduleViewController.swift */,
				5F7AF02F1F9121B100811458 /* PasswordResetViewController.swift */,
			);
			name = Controller;
			sourceTree = "<group>";
		};
		BA0F68811EBD225C00DAF7A3 /* SupportingFiles */ = {
			isa = PBXGroup;
			children = (
				BAE931011EBCF03000F77191 /* Info.plist */,
				BA1CB7361EC429CB00AF24E1 /* GoogleService-Info.plist */,
				BAE930FE1EBCF03000F77191 /* LaunchScreen.storyboard */,
				BAE930F91EBCF03000F77191 /* Main.storyboard */,
				BAE930FC1EBCF03000F77191 /* Assets.xcassets */,
				BAE930F31EBCF03000F77191 /* AppDelegate.swift */,
			);
			name = SupportingFiles;
			sourceTree = "<group>";
		};
		BAE930E71EBCF02E00F77191 = {
			isa = PBXGroup;
			children = (
				BAE930F21EBCF02E00F77191 /* VaccinationReminder */,
				BAE930F11EBCF02E00F77191 /* Products */,
				B69BA861D9569B27168B3351 /* Pods */,
				B106C1991D35B7E3923B03FD /* Frameworks */,
			);
			sourceTree = "<group>";
		};
		BAE930F11EBCF02E00F77191 /* Products */ = {
			isa = PBXGroup;
			children = (
				BAE930F01EBCF02E00F77191 /* Vaccine_Diary.app */,
			);
			name = Products;
			sourceTree = "<group>";
		};
		BAE930F21EBCF02E00F77191 /* VaccinationReminder */ = {
			isa = PBXGroup;
			children = (
				BA0F68811EBD225C00DAF7A3 /* SupportingFiles */,
				BA0F687E1EBD223C00DAF7A3 /* Model */,
				BA0F687F1EBD224300DAF7A3 /* View */,
				BA0F68801EBD224800DAF7A3 /* Controller */,
			);
			path = VaccinationReminder;
			sourceTree = "<group>";
		};
/* End PBXGroup section */

/* Begin PBXNativeTarget section */
		BAE930EF1EBCF02E00F77191 /* Vaccine_Diary */ = {
			isa = PBXNativeTarget;
			buildConfigurationList = BAE931041EBCF03100F77191 /* Build configuration list for PBXNativeTarget "Vaccine_Diary" */;
			buildPhases = (
				03FDF1F09F04CF20AE2E5812 /* [CP] Check Pods Manifest.lock */,
				BAE930EC1EBCF02E00F77191 /* Sources */,
				BAE930ED1EBCF02E00F77191 /* Frameworks */,
				BAE930EE1EBCF02E00F77191 /* Resources */,
				11DC0216D3BDD76E64F57270 /* [CP] Embed Pods Frameworks */,
				EE61E6E5C166A73363C79E94 /* [CP] Copy Pods Resources */,
				5F9E9CDD1FCC7A5D006204B8 /* ShellScript */,
			);
			buildRules = (
			);
			dependencies = (
			);
			name = Vaccine_Diary;
			productName = VaccinationReminder;
			productReference = BAE930F01EBCF02E00F77191 /* Vaccine_Diary.app */;
			productType = "com.apple.product-type.application";
		};
/* End PBXNativeTarget section */

/* Begin PBXProject section */
		BAE930E81EBCF02E00F77191 /* Project object */ = {
			isa = PBXProject;
			attributes = {
				LastSwiftUpdateCheck = 0820;
				LastUpgradeCheck = 0820;
				ORGANIZATIONNAME = "Sahil Dhawan";
				TargetAttributes = {
					BAE930EF1EBCF02E00F77191 = {
						CreatedOnToolsVersion = 8.2.1;
						DevelopmentTeam = 7Q7M69XNR3;
						ProvisioningStyle = Automatic;
					};
				};
			};
			buildConfigurationList = BAE930EB1EBCF02E00F77191 /* Build configuration list for PBXProject "VaccinationReminder" */;
			compatibilityVersion = "Xcode 3.2";
			developmentRegion = English;
			hasScannedForEncodings = 0;
			knownRegions = (
				en,
				Base,
			);
			mainGroup = BAE930E71EBCF02E00F77191;
			productRefGroup = BAE930F11EBCF02E00F77191 /* Products */;
			projectDirPath = "";
			projectRoot = "";
			targets = (
				BAE930EF1EBCF02E00F77191 /* Vaccine_Diary */,
			);
		};
/* End PBXProject section */

/* Begin PBXResourcesBuildPhase section */
		BAE930EE1EBCF02E00F77191 /* Resources */ = {
			isa = PBXResourcesBuildPhase;
			buildActionMask = 2147483647;
			files = (
				BAE931001EBCF03000F77191 /* LaunchScreen.storyboard in Resources */,
				BA1CB7371EC429CB00AF24E1 /* GoogleService-Info.plist in Resources */,
				BAE930FD1EBCF03000F77191 /* Assets.xcassets in Resources */,
				BAE930FB1EBCF03000F77191 /* Main.storyboard in Resources */,
			);
			runOnlyForDeploymentPostprocessing = 0;
		};
/* End PBXResourcesBuildPhase section */

/* Begin PBXShellScriptBuildPhase section */
		03FDF1F09F04CF20AE2E5812 /* [CP] Check Pods Manifest.lock */ = {
			isa = PBXShellScriptBuildPhase;
			buildActionMask = 2147483647;
			files = (
			);
			inputPaths = (
				"${PODS_PODFILE_DIR_PATH}/Podfile.lock",
				"${PODS_ROOT}/Manifest.lock",
			);
			name = "[CP] Check Pods Manifest.lock";
			outputPaths = (
				"$(DERIVED_FILE_DIR)/Pods-Vaccine_Diary-checkManifestLockResult.txt",
			);
			runOnlyForDeploymentPostprocessing = 0;
			shellPath = /bin/sh;
			shellScript = "diff \"${PODS_PODFILE_DIR_PATH}/Podfile.lock\" \"${PODS_ROOT}/Manifest.lock\" > /dev/null\nif [ $? != 0 ] ; then\n    # print error to STDERR\n    echo \"error: The sandbox is not in sync with the Podfile.lock. Run 'pod install' or update your CocoaPods installation.\" >&2\n    exit 1\nfi\n# This output is used by Xcode 'outputs' to avoid re-running this script phase.\necho \"SUCCESS\" > \"${SCRIPT_OUTPUT_FILE_0}\"\n";
			showEnvVarsInLog = 0;
		};
		11DC0216D3BDD76E64F57270 /* [CP] Embed Pods Frameworks */ = {
			isa = PBXShellScriptBuildPhase;
			buildActionMask = 2147483647;
			files = (
			);
			inputPaths = (
				"${SRCROOT}/Pods/Target Support Files/Pods-Vaccine_Diary/Pods-Vaccine_Diary-frameworks.sh",
				"${BUILT_PRODUCTS_DIR}/Alamofire/Alamofire.framework",
				"${BUILT_PRODUCTS_DIR}/AlamofireObjectMapper/AlamofireObjectMapper.framework",
				"${BUILT_PRODUCTS_DIR}/Bolts/Bolts.framework",
				"${BUILT_PRODUCTS_DIR}/FBSDKCoreKit/FBSDKCoreKit.framework",
				"${BUILT_PRODUCTS_DIR}/FBSDKLoginKit/FBSDKLoginKit.framework",
				"${BUILT_PRODUCTS_DIR}/GTMOAuth2/GTMOAuth2.framework",
				"${BUILT_PRODUCTS_DIR}/GTMSessionFetcher/GTMSessionFetcher.framework",
				"${BUILT_PRODUCTS_DIR}/GoogleToolboxForMac/GoogleToolboxForMac.framework",
				"${BUILT_PRODUCTS_DIR}/JTAppleCalendar/JTAppleCalendar.framework",
				"${BUILT_PRODUCTS_DIR}/ObjectMapper/ObjectMapper.framework",
				"${BUILT_PRODUCTS_DIR}/leveldb-library/leveldb.framework",
				"${BUILT_PRODUCTS_DIR}/nanopb/nanopb.framework",
			);
			name = "[CP] Embed Pods Frameworks";
			outputPaths = (
				"${TARGET_BUILD_DIR}/${FRAMEWORKS_FOLDER_PATH}/Alamofire.framework",
				"${TARGET_BUILD_DIR}/${FRAMEWORKS_FOLDER_PATH}/AlamofireObjectMapper.framework",
				"${TARGET_BUILD_DIR}/${FRAMEWORKS_FOLDER_PATH}/Bolts.framework",
				"${TARGET_BUILD_DIR}/${FRAMEWORKS_FOLDER_PATH}/FBSDKCoreKit.framework",
				"${TARGET_BUILD_DIR}/${FRAMEWORKS_FOLDER_PATH}/FBSDKLoginKit.framework",
				"${TARGET_BUILD_DIR}/${FRAMEWORKS_FOLDER_PATH}/GTMOAuth2.framework",
				"${TARGET_BUILD_DIR}/${FRAMEWORKS_FOLDER_PATH}/GTMSessionFetcher.framework",
				"${TARGET_BUILD_DIR}/${FRAMEWORKS_FOLDER_PATH}/GoogleToolboxForMac.framework",
				"${TARGET_BUILD_DIR}/${FRAMEWORKS_FOLDER_PATH}/JTAppleCalendar.framework",
				"${TARGET_BUILD_DIR}/${FRAMEWORKS_FOLDER_PATH}/ObjectMapper.framework",
				"${TARGET_BUILD_DIR}/${FRAMEWORKS_FOLDER_PATH}/leveldb.framework",
				"${TARGET_BUILD_DIR}/${FRAMEWORKS_FOLDER_PATH}/nanopb.framework",
			);
			runOnlyForDeploymentPostprocessing = 0;
			shellPath = /bin/sh;
			shellScript = "\"${SRCROOT}/Pods/Target Support Files/Pods-Vaccine_Diary/Pods-Vaccine_Diary-frameworks.sh\"\n";
			showEnvVarsInLog = 0;
		};
		5F9E9CDD1FCC7A5D006204B8 /* ShellScript */ = {
			isa = PBXShellScriptBuildPhase;
			buildActionMask = 2147483647;
			files = (
			);
			inputPaths = (
			);
			outputPaths = (
			);
			runOnlyForDeploymentPostprocessing = 0;
			shellPath = /bin/sh;
			shellScript = "\"${PODS_ROOT}/Fabric/run\" db793d19a3f20373266039b3c972aac3ab6428d3 81013d91b59f782e5930a0dadb28d4a07aa2db4c8d41894fac267ba042a59835";
		};
		EE61E6E5C166A73363C79E94 /* [CP] Copy Pods Resources */ = {
			isa = PBXShellScriptBuildPhase;
			buildActionMask = 2147483647;
			files = (
			);
			inputPaths = (
				"${SRCROOT}/Pods/Target Support Files/Pods-Vaccine_Diary/Pods-Vaccine_Diary-resources.sh",
				"${PODS_ROOT}/GoogleMaps/Maps/Frameworks/GoogleMaps.framework/Resources/GoogleMaps.bundle",
				"${PODS_ROOT}/GooglePlacePicker/Frameworks/GooglePlacePicker.framework/Resources/GooglePlacePicker.bundle",
				"${PODS_ROOT}/GooglePlaces/Frameworks/GooglePlaces.framework/Resources/GooglePlaces.bundle",
				"${PODS_ROOT}/GoogleSignIn/Resources/GoogleSignIn.bundle",
			);
			name = "[CP] Copy Pods Resources";
			outputPaths = (
				"${TARGET_BUILD_DIR}/${UNLOCALIZED_RESOURCES_FOLDER_PATH}",
			);
			runOnlyForDeploymentPostprocessing = 0;
			shellPath = /bin/sh;
			shellScript = "\"${SRCROOT}/Pods/Target Support Files/Pods-Vaccine_Diary/Pods-Vaccine_Diary-resources.sh\"\n";
			showEnvVarsInLog = 0;
		};
/* End PBXShellScriptBuildPhase section */

/* Begin PBXSourcesBuildPhase section */
		BAE930EC1EBCF02E00F77191 /* Sources */ = {
			isa = PBXSourcesBuildPhase;
			buildActionMask = 2147483647;
			files = (
				BA1C2BF61EBF5F690000C1B7 /* VaccinationList.swift in Sources */,
				BA1CB7331EC35F7B00AF24E1 /* UserProfileViewController.swift in Sources */,
				5F45E3781FF941E800F9AA9F /* ErrorMessages.swift in Sources */,
				5F4F9FB61FCB0CE900F408E9 /* VaccineDetailTableViewController.swift in Sources */,
				BA1CB7351EC3677800AF24E1 /* GooglePlaces.swift in Sources */,
				5F5E8EA41F632D3A002426A4 /* Geometry.swift in Sources */,
				BA306E7B1EC17B8800DE1B6A /* Vaccine.swift in Sources */,
				BA306E871EC23B2900DE1B6A /* NearbyPharmacyViewController.swift in Sources */,
				5F5E8EAC1F632D6E002426A4 /* Photo.swift in Sources */,
				BA306E811EC20D0600DE1B6A /* VaccineCollectionViewCell.swift in Sources */,
				5F5E8EA01F632D23002426A4 /* Result.swift in Sources */,
				BA2011F01ED0B217003B8233 /* FirebaseMethods.swift in Sources */,
				5F34AB1C1F7D1EBA00986027 /* Colors.swift in Sources */,
				5FB828BD1FF8E88F0004C777 /* InitialView.swift in Sources */,
				5F6C3B9E1F93782600F7CDDD /* MoreViewController.swift in Sources */,
				5F5E8EA81F632D55002426A4 /* Viewport.swift in Sources */,
				BA7698B81EC8F28E00B16B72 /* TextField.swift in Sources */,
				5FB828B81FF8D54F0004C777 /* InitialViewController.swift in Sources */,
				BA2C49401EBE7D9500F3D614 /* SignUpViewController.swift in Sources */,
				5F5E8EA21F632D2D002426A4 /* PlacesObject.swift in Sources */,
				BA306E831EC239B000DE1B6A /* GooglePlacesConstants.swift in Sources */,
				5F3707751F995D1F00085649 /* LogOutTableViewCell.swift in Sources */,
				5F6C3BA21F938A4C00F7CDDD /* ContactViewController.swift in Sources */,
				5F5E8EA61F632D44002426A4 /* Location.swift in Sources */,
				BA1C2BF81EC0A7E40000C1B7 /* UserDetailsViewController.swift in Sources */,
				5F4F9FB81FCB121F00F408E9 /* VaccineDateCollectionViewCell.swift in Sources */,
				5F6C3BA01F93826500F7CDDD /* CreditsViewController.swift in Sources */,
				BAE9310A1EBCF4AC00F77191 /* LoginViewController.swift in Sources */,
				5F0186431F6C800800462319 /* DetailTableViewController.swift in Sources */,
				5FB828BB1FF8E78F0004C777 /* InitialCollectionViewCell.swift in Sources */,
				5F5E8EAA1F632D63002426A4 /* OpeningHours.swift in Sources */,
				BA1752F31ED821CA005131F3 /* NetworkConnection.swift in Sources */,
				BA306E851EC23B1900DE1B6A /* NearbyHospitalsViewController.swift in Sources */,
				5F7AF0301F9121B100811458 /* PasswordResetViewController.swift in Sources */,
				BA2C49421EBE7FF500F3D614 /* Extensions.swift in Sources */,
				BA1C2BFA1EC0D2E40000C1B7 /* ScheduleViewController.swift in Sources */,
				5F45E3751FF925A700F9AA9F /* RegisterViewController.swift in Sources */,
				BAE930F41EBCF03000F77191 /* AppDelegate.swift in Sources */,
				BA306E7F1EC2021900DE1B6A /* UserDetails.swift in Sources */,
			);
			runOnlyForDeploymentPostprocessing = 0;
		};
/* End PBXSourcesBuildPhase section */

/* Begin PBXVariantGroup section */
		BAE930F91EBCF03000F77191 /* Main.storyboard */ = {
			isa = PBXVariantGroup;
			children = (
				BAE930FA1EBCF03000F77191 /* Base */,
			);
			name = Main.storyboard;
			sourceTree = "<group>";
		};
		BAE930FE1EBCF03000F77191 /* LaunchScreen.storyboard */ = {
			isa = PBXVariantGroup;
			children = (
				BAE930FF1EBCF03000F77191 /* Base */,
			);
			name = LaunchScreen.storyboard;
			sourceTree = "<group>";
		};
/* End PBXVariantGroup section */

/* Begin XCBuildConfiguration section */
		BAE931021EBCF03000F77191 /* Debug */ = {
			isa = XCBuildConfiguration;
			buildSettings = {
				ALWAYS_SEARCH_USER_PATHS = NO;
				CLANG_ANALYZER_NONNULL = YES;
				CLANG_CXX_LANGUAGE_STANDARD = "gnu++0x";
				CLANG_CXX_LIBRARY = "libc++";
				CLANG_ENABLE_MODULES = YES;
				CLANG_ENABLE_OBJC_ARC = YES;
				CLANG_WARN_BOOL_CONVERSION = YES;
				CLANG_WARN_CONSTANT_CONVERSION = YES;
				CLANG_WARN_DIRECT_OBJC_ISA_USAGE = YES_ERROR;
				CLANG_WARN_DOCUMENTATION_COMMENTS = YES;
				CLANG_WARN_EMPTY_BODY = YES;
				CLANG_WARN_ENUM_CONVERSION = YES;
				CLANG_WARN_INFINITE_RECURSION = YES;
				CLANG_WARN_INT_CONVERSION = YES;
				CLANG_WARN_OBJC_ROOT_CLASS = YES_ERROR;
				CLANG_WARN_SUSPICIOUS_MOVE = YES;
				CLANG_WARN_UNREACHABLE_CODE = YES;
				CLANG_WARN__DUPLICATE_METHOD_MATCH = YES;
				"CODE_SIGN_IDENTITY[sdk=iphoneos*]" = "iPhone Developer";
				COPY_PHASE_STRIP = NO;
				DEBUG_INFORMATION_FORMAT = dwarf;
				ENABLE_STRICT_OBJC_MSGSEND = YES;
				ENABLE_TESTABILITY = YES;
				GCC_C_LANGUAGE_STANDARD = gnu99;
				GCC_DYNAMIC_NO_PIC = NO;
				GCC_NO_COMMON_BLOCKS = YES;
				GCC_OPTIMIZATION_LEVEL = 0;
				GCC_PREPROCESSOR_DEFINITIONS = (
					"DEBUG=1",
					"$(inherited)",
				);
				GCC_WARN_64_TO_32_BIT_CONVERSION = YES;
				GCC_WARN_ABOUT_RETURN_TYPE = YES_ERROR;
				GCC_WARN_UNDECLARED_SELECTOR = YES;
				GCC_WARN_UNINITIALIZED_AUTOS = YES_AGGRESSIVE;
				GCC_WARN_UNUSED_FUNCTION = YES;
				GCC_WARN_UNUSED_VARIABLE = YES;
				IPHONEOS_DEPLOYMENT_TARGET = 10.0;
				MTL_ENABLE_DEBUG_INFO = YES;
				ONLY_ACTIVE_ARCH = YES;
				SDKROOT = iphoneos;
				SWIFT_ACTIVE_COMPILATION_CONDITIONS = DEBUG;
				SWIFT_OPTIMIZATION_LEVEL = "-Onone";
				TARGETED_DEVICE_FAMILY = "1,2";
			};
			name = Debug;
		};
		BAE931031EBCF03000F77191 /* Release */ = {
			isa = XCBuildConfiguration;
			buildSettings = {
				ALWAYS_SEARCH_USER_PATHS = NO;
				CLANG_ANALYZER_NONNULL = YES;
				CLANG_CXX_LANGUAGE_STANDARD = "gnu++0x";
				CLANG_CXX_LIBRARY = "libc++";
				CLANG_ENABLE_MODULES = YES;
				CLANG_ENABLE_OBJC_ARC = YES;
				CLANG_WARN_BOOL_CONVERSION = YES;
				CLANG_WARN_CONSTANT_CONVERSION = YES;
				CLANG_WARN_DIRECT_OBJC_ISA_USAGE = YES_ERROR;
				CLANG_WARN_DOCUMENTATION_COMMENTS = YES;
				CLANG_WARN_EMPTY_BODY = YES;
				CLANG_WARN_ENUM_CONVERSION = YES;
				CLANG_WARN_INFINITE_RECURSION = YES;
				CLANG_WARN_INT_CONVERSION = YES;
				CLANG_WARN_OBJC_ROOT_CLASS = YES_ERROR;
				CLANG_WARN_SUSPICIOUS_MOVE = YES;
				CLANG_WARN_UNREACHABLE_CODE = YES;
				CLANG_WARN__DUPLICATE_METHOD_MATCH = YES;
				"CODE_SIGN_IDENTITY[sdk=iphoneos*]" = "iPhone Developer";
				COPY_PHASE_STRIP = NO;
				DEBUG_INFORMATION_FORMAT = "dwarf-with-dsym";
				ENABLE_NS_ASSERTIONS = NO;
				ENABLE_STRICT_OBJC_MSGSEND = YES;
				GCC_C_LANGUAGE_STANDARD = gnu99;
				GCC_NO_COMMON_BLOCKS = YES;
				GCC_WARN_64_TO_32_BIT_CONVERSION = YES;
				GCC_WARN_ABOUT_RETURN_TYPE = YES_ERROR;
				GCC_WARN_UNDECLARED_SELECTOR = YES;
				GCC_WARN_UNINITIALIZED_AUTOS = YES_AGGRESSIVE;
				GCC_WARN_UNUSED_FUNCTION = YES;
				GCC_WARN_UNUSED_VARIABLE = YES;
				IPHONEOS_DEPLOYMENT_TARGET = 10.0;
				MTL_ENABLE_DEBUG_INFO = NO;
				SDKROOT = iphoneos;
				SWIFT_OPTIMIZATION_LEVEL = "-Owholemodule";
				TARGETED_DEVICE_FAMILY = "1,2";
				VALIDATE_PRODUCT = YES;
			};
			name = Release;
		};
		BAE931051EBCF03100F77191 /* Debug */ = {
			isa = XCBuildConfiguration;
			baseConfigurationReference = FADC9D37A8D43E275691D728 /* Pods-Vaccine_Diary.debug.xcconfig */;
			buildSettings = {
				ASSETCATALOG_COMPILER_APPICON_NAME = AppIcon;
				"CODE_SIGN_IDENTITY[sdk=iphoneos*]" = "iPhone Developer";
				DEVELOPMENT_TEAM = 7Q7M69XNR3;
				INFOPLIST_FILE = VaccinationReminder/Info.plist;
				IPHONEOS_DEPLOYMENT_TARGET = 10;
				LD_RUNPATH_SEARCH_PATHS = "$(inherited) @executable_path/Frameworks";
				PODS_PODFILE_DIR_PATH = "$(SRCROOT)/.";
				PRODUCT_BUNDLE_IDENTIFIER = "dhawan-sahil.VaccinationReminder";
				PRODUCT_NAME = Vaccine_Diary;
				PROVISIONING_PROFILE_SPECIFIER = "";
				SWIFT_VERSION = 3.0;
				TARGETED_DEVICE_FAMILY = 1;
			};
			name = Debug;
		};
		BAE931061EBCF03100F77191 /* Release */ = {
			isa = XCBuildConfiguration;
			baseConfigurationReference = F49D720EEC1F5D14F64F8476 /* Pods-Vaccine_Diary.release.xcconfig */;
			buildSettings = {
				ASSETCATALOG_COMPILER_APPICON_NAME = AppIcon;
				"CODE_SIGN_IDENTITY[sdk=iphoneos*]" = "iPhone Developer";
				DEVELOPMENT_TEAM = 7Q7M69XNR3;
				INFOPLIST_FILE = VaccinationReminder/Info.plist;
				IPHONEOS_DEPLOYMENT_TARGET = 10;
				LD_RUNPATH_SEARCH_PATHS = "$(inherited) @executable_path/Frameworks";
				PRODUCT_BUNDLE_IDENTIFIER = "dhawan-sahil.VaccinationReminder";
				PRODUCT_NAME = Vaccine_Diary;
				PROVISIONING_PROFILE_SPECIFIER = "";
				SWIFT_VERSION = 3.0;
				TARGETED_DEVICE_FAMILY = 1;
			};
			name = Release;
		};
/* End XCBuildConfiguration section */

/* Begin XCConfigurationList section */
		BAE930EB1EBCF02E00F77191 /* Build configuration list for PBXProject "VaccinationReminder" */ = {
			isa = XCConfigurationList;
			buildConfigurations = (
				BAE931021EBCF03000F77191 /* Debug */,
				BAE931031EBCF03000F77191 /* Release */,
			);
			defaultConfigurationIsVisible = 0;
			defaultConfigurationName = Release;
		};
		BAE931041EBCF03100F77191 /* Build configuration list for PBXNativeTarget "Vaccine_Diary" */ = {
			isa = XCConfigurationList;
			buildConfigurations = (
				BAE931051EBCF03100F77191 /* Debug */,
				BAE931061EBCF03100F77191 /* Release */,
			);
			defaultConfigurationIsVisible = 0;
			defaultConfigurationName = Release;
		};
/* End XCConfigurationList section */
	};
	rootObject = BAE930E81EBCF02E00F77191 /* Project object */;
}
