// !$*UTF8*$!
{
	archiveVersion = 1;
	classes = {
	};
	objectVersion = 46;
	objects = {

/* Begin PBXBuildFile section */
		9CBBA5D25DA009D533FA0EA7 /* Pods_VaccinationReminder.framework in Frameworks */ = {isa = PBXBuildFile; fileRef = AAC72AC78FEA053AA4102CD3 /* Pods_VaccinationReminder.framework */; };
		BA0F687D1EBD223400DAF7A3 /* GoogleService-Info.plist in Resources */ = {isa = PBXBuildFile; fileRef = BA0F687C1EBD223400DAF7A3 /* GoogleService-Info.plist */; };
		BA1C2BF61EBF5F690000C1B7 /* VaccinationList.swift in Sources */ = {isa = PBXBuildFile; fileRef = BA1C2BF51EBF5F690000C1B7 /* VaccinationList.swift */; };
		BA1C2BF81EC0A7E40000C1B7 /* UserDetailsViewController.swift in Sources */ = {isa = PBXBuildFile; fileRef = BA1C2BF71EC0A7E40000C1B7 /* UserDetailsViewController.swift */; };
		BA1C2BFA1EC0D2E40000C1B7 /* ScheduleViewController.swift in Sources */ = {isa = PBXBuildFile; fileRef = BA1C2BF91EC0D2E40000C1B7 /* ScheduleViewController.swift */; };
		BA1CB7331EC35F7B00AF24E1 /* UserProfileViewController.swift in Sources */ = {isa = PBXBuildFile; fileRef = BA1CB7321EC35F7B00AF24E1 /* UserProfileViewController.swift */; };
		BA2C49401EBE7D9500F3D614 /* SignUpViewController.swift in Sources */ = {isa = PBXBuildFile; fileRef = BA2C493F1EBE7D9500F3D614 /* SignUpViewController.swift */; };
		BA2C49421EBE7FF500F3D614 /* View.swift in Sources */ = {isa = PBXBuildFile; fileRef = BA2C49411EBE7FF500F3D614 /* View.swift */; };
		BA306E7B1EC17B8800DE1B6A /* Vaccine.swift in Sources */ = {isa = PBXBuildFile; fileRef = BA306E7A1EC17B8800DE1B6A /* Vaccine.swift */; };
		BA306E7D1EC1F29800DE1B6A /* VaccinationCalendarController.swift in Sources */ = {isa = PBXBuildFile; fileRef = BA306E7C1EC1F29800DE1B6A /* VaccinationCalendarController.swift */; };
		BA306E7F1EC2021900DE1B6A /* UserDetails.swift in Sources */ = {isa = PBXBuildFile; fileRef = BA306E7E1EC2021900DE1B6A /* UserDetails.swift */; };
		BA306E811EC20D0600DE1B6A /* VaccineTableViewCell.swift in Sources */ = {isa = PBXBuildFile; fileRef = BA306E801EC20D0600DE1B6A /* VaccineTableViewCell.swift */; };
		BA306E831EC239B000DE1B6A /* GooglePlacesConstants.swift in Sources */ = {isa = PBXBuildFile; fileRef = BA306E821EC239B000DE1B6A /* GooglePlacesConstants.swift */; };
		BA306E851EC23B1900DE1B6A /* NearbyHospitalsViewController.swift in Sources */ = {isa = PBXBuildFile; fileRef = BA306E841EC23B1900DE1B6A /* NearbyHospitalsViewController.swift */; };
		BA306E871EC23B2900DE1B6A /* NearbyDoctorsViewController.swift in Sources */ = {isa = PBXBuildFile; fileRef = BA306E861EC23B2900DE1B6A /* NearbyDoctorsViewController.swift */; };
		BA306E891EC23B5B00DE1B6A /* MapKit.framework in Frameworks */ = {isa = PBXBuildFile; fileRef = BA306E881EC23B5B00DE1B6A /* MapKit.framework */; };
		BA306E8B1EC23B6200DE1B6A /* CoreLocation.framework in Frameworks */ = {isa = PBXBuildFile; fileRef = BA306E8A1EC23B6200DE1B6A /* CoreLocation.framework */; };
		BAE930F41EBCF03000F77191 /* AppDelegate.swift in Sources */ = {isa = PBXBuildFile; fileRef = BAE930F31EBCF03000F77191 /* AppDelegate.swift */; };
		BAE930FB1EBCF03000F77191 /* Main.storyboard in Resources */ = {isa = PBXBuildFile; fileRef = BAE930F91EBCF03000F77191 /* Main.storyboard */; };
		BAE930FD1EBCF03000F77191 /* Assets.xcassets in Resources */ = {isa = PBXBuildFile; fileRef = BAE930FC1EBCF03000F77191 /* Assets.xcassets */; };
		BAE931001EBCF03000F77191 /* LaunchScreen.storyboard in Resources */ = {isa = PBXBuildFile; fileRef = BAE930FE1EBCF03000F77191 /* LaunchScreen.storyboard */; };
		BAE9310A1EBCF4AC00F77191 /* LoginViewController.swift in Sources */ = {isa = PBXBuildFile; fileRef = BAE931091EBCF4AC00F77191 /* LoginViewController.swift */; };
/* End PBXBuildFile section */

/* Begin PBXFileReference section */
		2D2ACB4B33B0FF6CBB955BCA /* Pods-VaccinationReminder.release.xcconfig */ = {isa = PBXFileReference; includeInIndex = 1; lastKnownFileType = text.xcconfig; name = "Pods-VaccinationReminder.release.xcconfig"; path = "Pods/Target Support Files/Pods-VaccinationReminder/Pods-VaccinationReminder.release.xcconfig"; sourceTree = "<group>"; };
		64B5DD19C2611DFAABB417F1 /* Pods-VaccinationReminder.debug.xcconfig */ = {isa = PBXFileReference; includeInIndex = 1; lastKnownFileType = text.xcconfig; name = "Pods-VaccinationReminder.debug.xcconfig"; path = "Pods/Target Support Files/Pods-VaccinationReminder/Pods-VaccinationReminder.debug.xcconfig"; sourceTree = "<group>"; };
		AAC72AC78FEA053AA4102CD3 /* Pods_VaccinationReminder.framework */ = {isa = PBXFileReference; explicitFileType = wrapper.framework; includeInIndex = 0; path = Pods_VaccinationReminder.framework; sourceTree = BUILT_PRODUCTS_DIR; };
		BA0F687C1EBD223400DAF7A3 /* GoogleService-Info.plist */ = {isa = PBXFileReference; fileEncoding = 4; lastKnownFileType = text.plist.xml; name = "GoogleService-Info.plist"; path = "../../../Downloads/GoogleService-Info.plist"; sourceTree = "<group>"; };
		BA1C2BF51EBF5F690000C1B7 /* VaccinationList.swift */ = {isa = PBXFileReference; fileEncoding = 4; lastKnownFileType = sourcecode.swift; path = VaccinationList.swift; sourceTree = "<group>"; };
		BA1C2BF71EC0A7E40000C1B7 /* UserDetailsViewController.swift */ = {isa = PBXFileReference; fileEncoding = 4; lastKnownFileType = sourcecode.swift; path = UserDetailsViewController.swift; sourceTree = "<group>"; };
		BA1C2BF91EC0D2E40000C1B7 /* ScheduleViewController.swift */ = {isa = PBXFileReference; fileEncoding = 4; lastKnownFileType = sourcecode.swift; path = ScheduleViewController.swift; sourceTree = "<group>"; };
		BA1CB7321EC35F7B00AF24E1 /* UserProfileViewController.swift */ = {isa = PBXFileReference; fileEncoding = 4; lastKnownFileType = sourcecode.swift; path = UserProfileViewController.swift; sourceTree = "<group>"; };
		BA2C493F1EBE7D9500F3D614 /* SignUpViewController.swift */ = {isa = PBXFileReference; fileEncoding = 4; lastKnownFileType = sourcecode.swift; path = SignUpViewController.swift; sourceTree = "<group>"; };
		BA2C49411EBE7FF500F3D614 /* View.swift */ = {isa = PBXFileReference; fileEncoding = 4; lastKnownFileType = sourcecode.swift; path = View.swift; sourceTree = "<group>"; };
		BA306E7A1EC17B8800DE1B6A /* Vaccine.swift */ = {isa = PBXFileReference; fileEncoding = 4; lastKnownFileType = sourcecode.swift; path = Vaccine.swift; sourceTree = "<group>"; };
		BA306E7C1EC1F29800DE1B6A /* VaccinationCalendarController.swift */ = {isa = PBXFileReference; fileEncoding = 4; lastKnownFileType = sourcecode.swift; path = VaccinationCalendarController.swift; sourceTree = "<group>"; };
		BA306E7E1EC2021900DE1B6A /* UserDetails.swift */ = {isa = PBXFileReference; fileEncoding = 4; lastKnownFileType = sourcecode.swift; path = UserDetails.swift; sourceTree = "<group>"; };
		BA306E801EC20D0600DE1B6A /* VaccineTableViewCell.swift */ = {isa = PBXFileReference; fileEncoding = 4; lastKnownFileType = sourcecode.swift; path = VaccineTableViewCell.swift; sourceTree = "<group>"; };
		BA306E821EC239B000DE1B6A /* GooglePlacesConstants.swift */ = {isa = PBXFileReference; fileEncoding = 4; lastKnownFileType = sourcecode.swift; path = GooglePlacesConstants.swift; sourceTree = "<group>"; };
		BA306E841EC23B1900DE1B6A /* NearbyHospitalsViewController.swift */ = {isa = PBXFileReference; fileEncoding = 4; lastKnownFileType = sourcecode.swift; path = NearbyHospitalsViewController.swift; sourceTree = "<group>"; };
		BA306E861EC23B2900DE1B6A /* NearbyDoctorsViewController.swift */ = {isa = PBXFileReference; fileEncoding = 4; lastKnownFileType = sourcecode.swift; path = NearbyDoctorsViewController.swift; sourceTree = "<group>"; };
		BA306E881EC23B5B00DE1B6A /* MapKit.framework */ = {isa = PBXFileReference; lastKnownFileType = wrapper.framework; name = MapKit.framework; path = System/Library/Frameworks/MapKit.framework; sourceTree = SDKROOT; };
		BA306E8A1EC23B6200DE1B6A /* CoreLocation.framework */ = {isa = PBXFileReference; lastKnownFileType = wrapper.framework; name = CoreLocation.framework; path = System/Library/Frameworks/CoreLocation.framework; sourceTree = SDKROOT; };
		BAE930F01EBCF02E00F77191 /* VaccinationReminder.app */ = {isa = PBXFileReference; explicitFileType = wrapper.application; includeInIndex = 0; path = VaccinationReminder.app; sourceTree = BUILT_PRODUCTS_DIR; };
		BAE930F31EBCF03000F77191 /* AppDelegate.swift */ = {isa = PBXFileReference; lastKnownFileType = sourcecode.swift; path = AppDelegate.swift; sourceTree = "<group>"; };
		BAE930FA1EBCF03000F77191 /* Base */ = {isa = PBXFileReference; lastKnownFileType = file.storyboard; name = Base; path = Base.lproj/Main.storyboard; sourceTree = "<group>"; };
		BAE930FC1EBCF03000F77191 /* Assets.xcassets */ = {isa = PBXFileReference; lastKnownFileType = folder.assetcatalog; path = Assets.xcassets; sourceTree = "<group>"; };
		BAE930FF1EBCF03000F77191 /* Base */ = {isa = PBXFileReference; lastKnownFileType = file.storyboard; name = Base; path = Base.lproj/LaunchScreen.storyboard; sourceTree = "<group>"; };
		BAE931011EBCF03000F77191 /* Info.plist */ = {isa = PBXFileReference; lastKnownFileType = text.plist.xml; path = Info.plist; sourceTree = "<group>"; };
		BAE931091EBCF4AC00F77191 /* LoginViewController.swift */ = {isa = PBXFileReference; fileEncoding = 4; lastKnownFileType = sourcecode.swift; path = LoginViewController.swift; sourceTree = "<group>"; };
/* End PBXFileReference section */

/* Begin PBXFrameworksBuildPhase section */
		BAE930ED1EBCF02E00F77191 /* Frameworks */ = {
			isa = PBXFrameworksBuildPhase;
			buildActionMask = 2147483647;
			files = (
				BA306E8B1EC23B6200DE1B6A /* CoreLocation.framework in Frameworks */,
				BA306E891EC23B5B00DE1B6A /* MapKit.framework in Frameworks */,
				9CBBA5D25DA009D533FA0EA7 /* Pods_VaccinationReminder.framework in Frameworks */,
			);
			runOnlyForDeploymentPostprocessing = 0;
		};
/* End PBXFrameworksBuildPhase section */

/* Begin PBXGroup section */
		B106C1991D35B7E3923B03FD /* Frameworks */ = {
			isa = PBXGroup;
			children = (
				BA306E8A1EC23B6200DE1B6A /* CoreLocation.framework */,
				BA306E881EC23B5B00DE1B6A /* MapKit.framework */,
				AAC72AC78FEA053AA4102CD3 /* Pods_VaccinationReminder.framework */,
			);
			name = Frameworks;
			sourceTree = "<group>";
		};
		B69BA861D9569B27168B3351 /* Pods */ = {
			isa = PBXGroup;
			children = (
				64B5DD19C2611DFAABB417F1 /* Pods-VaccinationReminder.debug.xcconfig */,
				2D2ACB4B33B0FF6CBB955BCA /* Pods-VaccinationReminder.release.xcconfig */,
			);
			name = Pods;
			sourceTree = "<group>";
		};
		BA0F687E1EBD223C00DAF7A3 /* Model */ = {
			isa = PBXGroup;
			children = (
				BAE930F31EBCF03000F77191 /* AppDelegate.swift */,
				BA1C2BF51EBF5F690000C1B7 /* VaccinationList.swift */,
				BA306E821EC239B000DE1B6A /* GooglePlacesConstants.swift */,
				BA306E7E1EC2021900DE1B6A /* UserDetails.swift */,
				BA306E7A1EC17B8800DE1B6A /* Vaccine.swift */,
			);
			name = Model;
			sourceTree = "<group>";
		};
		BA0F687F1EBD224300DAF7A3 /* View */ = {
			isa = PBXGroup;
			children = (
				BA306E801EC20D0600DE1B6A /* VaccineTableViewCell.swift */,
				BA2C49411EBE7FF500F3D614 /* View.swift */,
			);
			name = View;
			sourceTree = "<group>";
		};
		BA0F68801EBD224800DAF7A3 /* Controller */ = {
			isa = PBXGroup;
			children = (
				BA306E7C1EC1F29800DE1B6A /* VaccinationCalendarController.swift */,
				BA1CB7321EC35F7B00AF24E1 /* UserProfileViewController.swift */,
				BA306E841EC23B1900DE1B6A /* NearbyHospitalsViewController.swift */,
				BA306E861EC23B2900DE1B6A /* NearbyDoctorsViewController.swift */,
				BA1C2BF71EC0A7E40000C1B7 /* UserDetailsViewController.swift */,
				BAE931091EBCF4AC00F77191 /* LoginViewController.swift */,
				BA1C2BF91EC0D2E40000C1B7 /* ScheduleViewController.swift */,
				BA2C493F1EBE7D9500F3D614 /* SignUpViewController.swift */,
			);
			name = Controller;
			sourceTree = "<group>";
		};
		BA0F68811EBD225C00DAF7A3 /* SupportingFiles */ = {
			isa = PBXGroup;
			children = (
				BA0F687C1EBD223400DAF7A3 /* GoogleService-Info.plist */,
				BAE931011EBCF03000F77191 /* Info.plist */,
				BAE930FE1EBCF03000F77191 /* LaunchScreen.storyboard */,
				BAE930F91EBCF03000F77191 /* Main.storyboard */,
				BAE930FC1EBCF03000F77191 /* Assets.xcassets */,
			);
			name = SupportingFiles;
			sourceTree = "<group>";
		};
		BAE930E71EBCF02E00F77191 = {
			isa = PBXGroup;
			children = (
				BAE930F21EBCF02E00F77191 /* VaccinationReminder */,
				BAE930F11EBCF02E00F77191 /* Products */,
				B69BA861D9569B27168B3351 /* Pods */,
				B106C1991D35B7E3923B03FD /* Frameworks */,
			);
			sourceTree = "<group>";
		};
		BAE930F11EBCF02E00F77191 /* Products */ = {
			isa = PBXGroup;
			children = (
				BAE930F01EBCF02E00F77191 /* VaccinationReminder.app */,
			);
			name = Products;
			sourceTree = "<group>";
		};
		BAE930F21EBCF02E00F77191 /* VaccinationReminder */ = {
			isa = PBXGroup;
			children = (
				BA0F68811EBD225C00DAF7A3 /* SupportingFiles */,
				BA0F687E1EBD223C00DAF7A3 /* Model */,
				BA0F687F1EBD224300DAF7A3 /* View */,
				BA0F68801EBD224800DAF7A3 /* Controller */,
			);
			path = VaccinationReminder;
			sourceTree = "<group>";
		};
/* End PBXGroup section */

/* Begin PBXNativeTarget section */
		BAE930EF1EBCF02E00F77191 /* VaccinationReminder */ = {
			isa = PBXNativeTarget;
			buildConfigurationList = BAE931041EBCF03100F77191 /* Build configuration list for PBXNativeTarget "VaccinationReminder" */;
			buildPhases = (
				03FDF1F09F04CF20AE2E5812 /* [CP] Check Pods Manifest.lock */,
				BAE930EC1EBCF02E00F77191 /* Sources */,
				BAE930ED1EBCF02E00F77191 /* Frameworks */,
				BAE930EE1EBCF02E00F77191 /* Resources */,
				11DC0216D3BDD76E64F57270 /* [CP] Embed Pods Frameworks */,
				EE61E6E5C166A73363C79E94 /* [CP] Copy Pods Resources */,
			);
			buildRules = (
			);
			dependencies = (
			);
			name = VaccinationReminder;
			productName = VaccinationReminder;
			productReference = BAE930F01EBCF02E00F77191 /* VaccinationReminder.app */;
			productType = "com.apple.product-type.application";
		};
/* End PBXNativeTarget section */

/* Begin PBXProject section */
		BAE930E81EBCF02E00F77191 /* Project object */ = {
			isa = PBXProject;
			attributes = {
				LastSwiftUpdateCheck = 0820;
				LastUpgradeCheck = 0820;
				ORGANIZATIONNAME = "Sahil Dhawan";
				TargetAttributes = {
					BAE930EF1EBCF02E00F77191 = {
						CreatedOnToolsVersion = 8.2.1;
						DevelopmentTeam = 7Q7M69XNR3;
						ProvisioningStyle = Automatic;
					};
				};
			};
			buildConfigurationList = BAE930EB1EBCF02E00F77191 /* Build configuration list for PBXProject "VaccinationReminder" */;
			compatibilityVersion = "Xcode 3.2";
			developmentRegion = English;
			hasScannedForEncodings = 0;
			knownRegions = (
				en,
				Base,
			);
			mainGroup = BAE930E71EBCF02E00F77191;
			productRefGroup = BAE930F11EBCF02E00F77191 /* Products */;
			projectDirPath = "";
			projectRoot = "";
			targets = (
				BAE930EF1EBCF02E00F77191 /* VaccinationReminder */,
			);
		};
/* End PBXProject section */

/* Begin PBXResourcesBuildPhase section */
		BAE930EE1EBCF02E00F77191 /* Resources */ = {
			isa = PBXResourcesBuildPhase;
			buildActionMask = 2147483647;
			files = (
				BAE931001EBCF03000F77191 /* LaunchScreen.storyboard in Resources */,
				BA0F687D1EBD223400DAF7A3 /* GoogleService-Info.plist in Resources */,
				BAE930FD1EBCF03000F77191 /* Assets.xcassets in Resources */,
				BAE930FB1EBCF03000F77191 /* Main.storyboard in Resources */,
			);
			runOnlyForDeploymentPostprocessing = 0;
		};
/* End PBXResourcesBuildPhase section */

/* Begin PBXShellScriptBuildPhase section */
		03FDF1F09F04CF20AE2E5812 /* [CP] Check Pods Manifest.lock */ = {
			isa = PBXShellScriptBuildPhase;
			buildActionMask = 2147483647;
			files = (
			);
			inputPaths = (
			);
			name = "[CP] Check Pods Manifest.lock";
			outputPaths = (
			);
			runOnlyForDeploymentPostprocessing = 0;
			shellPath = /bin/sh;
			shellScript = "diff \"${PODS_ROOT}/../Podfile.lock\" \"${PODS_ROOT}/Manifest.lock\" > /dev/null\nif [[ $? != 0 ]] ; then\n    cat << EOM\nerror: The sandbox is not in sync with the Podfile.lock. Run 'pod install' or update your CocoaPods installation.\nEOM\n    exit 1\nfi\n";
			showEnvVarsInLog = 0;
		};
		11DC0216D3BDD76E64F57270 /* [CP] Embed Pods Frameworks */ = {
			isa = PBXShellScriptBuildPhase;
			buildActionMask = 2147483647;
			files = (
			);
			inputPaths = (
			);
			name = "[CP] Embed Pods Frameworks";
			outputPaths = (
			);
			runOnlyForDeploymentPostprocessing = 0;
			shellPath = /bin/sh;
			shellScript = "\"${SRCROOT}/Pods/Target Support Files/Pods-VaccinationReminder/Pods-VaccinationReminder-frameworks.sh\"\n";
			showEnvVarsInLog = 0;
		};
		EE61E6E5C166A73363C79E94 /* [CP] Copy Pods Resources */ = {
			isa = PBXShellScriptBuildPhase;
			buildActionMask = 2147483647;
			files = (
			);
			inputPaths = (
			);
			name = "[CP] Copy Pods Resources";
			outputPaths = (
			);
			runOnlyForDeploymentPostprocessing = 0;
			shellPath = /bin/sh;
			shellScript = "\"${SRCROOT}/Pods/Target Support Files/Pods-VaccinationReminder/Pods-VaccinationReminder-resources.sh\"\n";
			showEnvVarsInLog = 0;
		};
/* End PBXShellScriptBuildPhase section */

/* Begin PBXSourcesBuildPhase section */
		BAE930EC1EBCF02E00F77191 /* Sources */ = {
			isa = PBXSourcesBuildPhase;
			buildActionMask = 2147483647;
			files = (
				BA1C2BF61EBF5F690000C1B7 /* VaccinationList.swift in Sources */,
				BA1CB7331EC35F7B00AF24E1 /* UserProfileViewController.swift in Sources */,
				BA306E7B1EC17B8800DE1B6A /* Vaccine.swift in Sources */,
				BA306E871EC23B2900DE1B6A /* NearbyDoctorsViewController.swift in Sources */,
				BA306E811EC20D0600DE1B6A /* VaccineTableViewCell.swift in Sources */,
				BA2C49401EBE7D9500F3D614 /* SignUpViewController.swift in Sources */,
				BA306E831EC239B000DE1B6A /* GooglePlacesConstants.swift in Sources */,
				BA1C2BF81EC0A7E40000C1B7 /* UserDetailsViewController.swift in Sources */,
				BA306E7D1EC1F29800DE1B6A /* VaccinationCalendarController.swift in Sources */,
				BAE9310A1EBCF4AC00F77191 /* LoginViewController.swift in Sources */,
				BA306E851EC23B1900DE1B6A /* NearbyHospitalsViewController.swift in Sources */,
				BA2C49421EBE7FF500F3D614 /* View.swift in Sources */,
				BA1C2BFA1EC0D2E40000C1B7 /* ScheduleViewController.swift in Sources */,
				BAE930F41EBCF03000F77191 /* AppDelegate.swift in Sources */,
				BA306E7F1EC2021900DE1B6A /* UserDetails.swift in Sources */,
			);
			runOnlyForDeploymentPostprocessing = 0;
		};
/* End PBXSourcesBuildPhase section */

/* Begin PBXVariantGroup section */
		BAE930F91EBCF03000F77191 /* Main.storyboard */ = {
			isa = PBXVariantGroup;
			children = (
				BAE930FA1EBCF03000F77191 /* Base */,
			);
			name = Main.storyboard;
			sourceTree = "<group>";
		};
		BAE930FE1EBCF03000F77191 /* LaunchScreen.storyboard */ = {
			isa = PBXVariantGroup;
			children = (
				BAE930FF1EBCF03000F77191 /* Base */,
			);
			name = LaunchScreen.storyboard;
			sourceTree = "<group>";
		};
/* End PBXVariantGroup section */

/* Begin XCBuildConfiguration section */
		BAE931021EBCF03000F77191 /* Debug */ = {
			isa = XCBuildConfiguration;
			buildSettings = {
				ALWAYS_SEARCH_USER_PATHS = NO;
				CLANG_ANALYZER_NONNULL = YES;
				CLANG_CXX_LANGUAGE_STANDARD = "gnu++0x";
				CLANG_CXX_LIBRARY = "libc++";
				CLANG_ENABLE_MODULES = YES;
				CLANG_ENABLE_OBJC_ARC = YES;
				CLANG_WARN_BOOL_CONVERSION = YES;
				CLANG_WARN_CONSTANT_CONVERSION = YES;
				CLANG_WARN_DIRECT_OBJC_ISA_USAGE = YES_ERROR;
				CLANG_WARN_DOCUMENTATION_COMMENTS = YES;
				CLANG_WARN_EMPTY_BODY = YES;
				CLANG_WARN_ENUM_CONVERSION = YES;
				CLANG_WARN_INFINITE_RECURSION = YES;
				CLANG_WARN_INT_CONVERSION = YES;
				CLANG_WARN_OBJC_ROOT_CLASS = YES_ERROR;
				CLANG_WARN_SUSPICIOUS_MOVE = YES;
				CLANG_WARN_UNREACHABLE_CODE = YES;
				CLANG_WARN__DUPLICATE_METHOD_MATCH = YES;
				"CODE_SIGN_IDENTITY[sdk=iphoneos*]" = "iPhone Developer";
				COPY_PHASE_STRIP = NO;
				DEBUG_INFORMATION_FORMAT = dwarf;
				ENABLE_STRICT_OBJC_MSGSEND = YES;
				ENABLE_TESTABILITY = YES;
				GCC_C_LANGUAGE_STANDARD = gnu99;
				GCC_DYNAMIC_NO_PIC = NO;
				GCC_NO_COMMON_BLOCKS = YES;
				GCC_OPTIMIZATION_LEVEL = 0;
				GCC_PREPROCESSOR_DEFINITIONS = (
					"DEBUG=1",
					"$(inherited)",
				);
				GCC_WARN_64_TO_32_BIT_CONVERSION = YES;
				GCC_WARN_ABOUT_RETURN_TYPE = YES_ERROR;
				GCC_WARN_UNDECLARED_SELECTOR = YES;
				GCC_WARN_UNINITIALIZED_AUTOS = YES_AGGRESSIVE;
				GCC_WARN_UNUSED_FUNCTION = YES;
				GCC_WARN_UNUSED_VARIABLE = YES;
				IPHONEOS_DEPLOYMENT_TARGET = 10.2;
				MTL_ENABLE_DEBUG_INFO = YES;
				ONLY_ACTIVE_ARCH = YES;
				SDKROOT = iphoneos;
				SWIFT_ACTIVE_COMPILATION_CONDITIONS = DEBUG;
				SWIFT_OPTIMIZATION_LEVEL = "-Onone";
				TARGETED_DEVICE_FAMILY = "1,2";
			};
			name = Debug;
		};
		BAE931031EBCF03000F77191 /* Release */ = {
			isa = XCBuildConfiguration;
			buildSettings = {
				ALWAYS_SEARCH_USER_PATHS = NO;
				CLANG_ANALYZER_NONNULL = YES;
				CLANG_CXX_LANGUAGE_STANDARD = "gnu++0x";
				CLANG_CXX_LIBRARY = "libc++";
				CLANG_ENABLE_MODULES = YES;
				CLANG_ENABLE_OBJC_ARC = YES;
				CLANG_WARN_BOOL_CONVERSION = YES;
				CLANG_WARN_CONSTANT_CONVERSION = YES;
				CLANG_WARN_DIRECT_OBJC_ISA_USAGE = YES_ERROR;
				CLANG_WARN_DOCUMENTATION_COMMENTS = YES;
				CLANG_WARN_EMPTY_BODY = YES;
				CLANG_WARN_ENUM_CONVERSION = YES;
				CLANG_WARN_INFINITE_RECURSION = YES;
				CLANG_WARN_INT_CONVERSION = YES;
				CLANG_WARN_OBJC_ROOT_CLASS = YES_ERROR;
				CLANG_WARN_SUSPICIOUS_MOVE = YES;
				CLANG_WARN_UNREACHABLE_CODE = YES;
				CLANG_WARN__DUPLICATE_METHOD_MATCH = YES;
				"CODE_SIGN_IDENTITY[sdk=iphoneos*]" = "iPhone Developer";
				COPY_PHASE_STRIP = NO;
				DEBUG_INFORMATION_FORMAT = "dwarf-with-dsym";
				ENABLE_NS_ASSERTIONS = NO;
				ENABLE_STRICT_OBJC_MSGSEND = YES;
				GCC_C_LANGUAGE_STANDARD = gnu99;
				GCC_NO_COMMON_BLOCKS = YES;
				GCC_WARN_64_TO_32_BIT_CONVERSION = YES;
				GCC_WARN_ABOUT_RETURN_TYPE = YES_ERROR;
				GCC_WARN_UNDECLARED_SELECTOR = YES;
				GCC_WARN_UNINITIALIZED_AUTOS = YES_AGGRESSIVE;
				GCC_WARN_UNUSED_FUNCTION = YES;
				GCC_WARN_UNUSED_VARIABLE = YES;
				IPHONEOS_DEPLOYMENT_TARGET = 10.2;
				MTL_ENABLE_DEBUG_INFO = NO;
				SDKROOT = iphoneos;
				SWIFT_OPTIMIZATION_LEVEL = "-Owholemodule";
				TARGETED_DEVICE_FAMILY = "1,2";
				VALIDATE_PRODUCT = YES;
			};
			name = Release;
		};
		BAE931051EBCF03100F77191 /* Debug */ = {
			isa = XCBuildConfiguration;
			baseConfigurationReference = 64B5DD19C2611DFAABB417F1 /* Pods-VaccinationReminder.debug.xcconfig */;
			buildSettings = {
				ASSETCATALOG_COMPILER_APPICON_NAME = AppIcon;
				DEVELOPMENT_TEAM = 7Q7M69XNR3;
				INFOPLIST_FILE = VaccinationReminder/Info.plist;
				IPHONEOS_DEPLOYMENT_TARGET = 10;
				LD_RUNPATH_SEARCH_PATHS = "$(inherited) @executable_path/Frameworks";
				PRODUCT_BUNDLE_IDENTIFIER = "dhawan-sahil.VaccinationReminder";
				PRODUCT_NAME = "$(TARGET_NAME)";
				SWIFT_VERSION = 3.0;
				TARGETED_DEVICE_FAMILY = 1;
			};
			name = Debug;
		};
		BAE931061EBCF03100F77191 /* Release */ = {
			isa = XCBuildConfiguration;
			baseConfigurationReference = 2D2ACB4B33B0FF6CBB955BCA /* Pods-VaccinationReminder.release.xcconfig */;
			buildSettings = {
				ASSETCATALOG_COMPILER_APPICON_NAME = AppIcon;
				DEVELOPMENT_TEAM = 7Q7M69XNR3;
				INFOPLIST_FILE = VaccinationReminder/Info.plist;
				IPHONEOS_DEPLOYMENT_TARGET = 10;
				LD_RUNPATH_SEARCH_PATHS = "$(inherited) @executable_path/Frameworks";
				PRODUCT_BUNDLE_IDENTIFIER = "dhawan-sahil.VaccinationReminder";
				PRODUCT_NAME = "$(TARGET_NAME)";
				SWIFT_VERSION = 3.0;
				TARGETED_DEVICE_FAMILY = 1;
			};
			name = Release;
		};
/* End XCBuildConfiguration section */

/* Begin XCConfigurationList section */
		BAE930EB1EBCF02E00F77191 /* Build configuration list for PBXProject "VaccinationReminder" */ = {
			isa = XCConfigurationList;
			buildConfigurations = (
				BAE931021EBCF03000F77191 /* Debug */,
				BAE931031EBCF03000F77191 /* Release */,
			);
			defaultConfigurationIsVisible = 0;
			defaultConfigurationName = Release;
		};
		BAE931041EBCF03100F77191 /* Build configuration list for PBXNativeTarget "VaccinationReminder" */ = {
			isa = XCConfigurationList;
			buildConfigurations = (
				BAE931051EBCF03100F77191 /* Debug */,
				BAE931061EBCF03100F77191 /* Release */,
			);
			defaultConfigurationIsVisible = 0;
			defaultConfigurationName = Release;
		};
/* End XCConfigurationList section */
	};
	rootObject = BAE930E81EBCF02E00F77191 /* Project object */;
}
